
Microsoft Visual Studio Solution File, Format Version 12.00
Project("{FAE04EC0-301F-11D3-BF4B-00C04F79EFBC}") = "ConsoleApp", "ConsoleApp\ConsoleApp.csproj", "{813C1FCB-982B-4B05-A262-C451C06E009D}"
EndProject
Global
	GlobalSection(SolutionConfigurationPlatforms) = preSolution
		Debug|Any CPU = Debug|Any CPU
		Release|Any CPU = Release|Any CPU
	EndGlobalSection
	GlobalSection(ProjectConfigurationPlatforms) = postSolution
		{813C1FCB-982B-4B05-A262-C451C06E009D}.Debug|Any CPU.ActiveCfg = Debug|Any CPU
		{813C1FCB-982B-4B05-A262-C451C06E009D}.Debug|Any CPU.Build.0 = Debug|Any CPU
		{813C1FCB-982B-4B05-A262-C451C06E009D}.Release|Any CPU.ActiveCfg = Release|Any CPU
		{813C1FCB-982B-4B05-A262-C451C06E009D}.Release|Any CPU.Build.0 = Release|Any CPU
	EndGlobalSection
EndGlobal
